{
  "name": "fluid-simulation",
  "version": "1.0.0",
  "lockfileVersion": 3,
  "requires": true,
  "packages": {
    "": {
      "name": "fluid-simulation",
      "version": "1.0.0",
      "license": "ISC",
      "dependencies": {
        "planck": "^1.0.2"
      }
    },
    "node_modules/planck": {
      "version": "1.0.2",
      "resolved": "https://registry.npmjs.org/planck/-/planck-1.0.2.tgz",
      "integrity": "sha512-fV++38qbW2q8HFIhNIFXCzIjqBSL1dsAy2RvfdNJb21luZIPEQrw0xD7SiIrFd/DPF9Wrw3PZpCnVnBCPcobfg==",
      "dependencies": {
        "stage-js": "github:piqnt/stage.js#v1-alpha"
      },
      "engines": {
        "node": ">=14.0"
      }
    },
    "node_modules/stage-js": {
      "version": "1.0.0-alpha.3",
      "resolved": "git+ssh://git@github.com/piqnt/stage.js.git#f9d9646bcb96f8e5e19e99446ee54e07d6c89863"
    }
  }
}
